
Microsoft Visual Studio Solution File, Format Version 12.00
# Visual Studio Version 16
VisualStudioVersion = 16.0.31624.102
MinimumVisualStudioVersion = 10.0.40219.1
Project("{FAE04EC0-301F-11D3-BF4B-00C04F79EFBC}") = "BTL_MVC", "BTL_MVC\BTL_MVC.csproj", "{1EF9D216-209E-4E57-B316-FDACDC5D19D1}"
EndProject
Global
	GlobalSection(SolutionConfigurationPlatforms) = preSolution
		Debug|Any CPU = Debug|Any CPU
		Release|Any CPU = Release|Any CPU
	EndGlobalSection
	GlobalSection(ProjectConfigurationPlatforms) = postSolution
		{1EF9D216-209E-4E57-B316-FDACDC5D19D1}.Debug|Any CPU.ActiveCfg = Debug|Any CPU
		{1EF9D216-209E-4E57-B316-FDACDC5D19D1}.Debug|Any CPU.Build.0 = Debug|Any CPU
		{1EF9D216-209E-4E57-B316-FDACDC5D19D1}.Release|Any CPU.ActiveCfg = Release|Any CPU
		{1EF9D216-209E-4E57-B316-FDACDC5D19D1}.Release|Any CPU.Build.0 = Release|Any CPU
	EndGlobalSection
	GlobalSection(SolutionProperties) = preSolution
		HideSolutionNode = FALSE
	EndGlobalSection
	GlobalSection(ExtensibilityGlobals) = postSolution
		SolutionGuid = {B853BAA8-46ED-46E1-8DD2-B0F5A1DDD131}
	EndGlobalSection
EndGlobal
